
Microsoft Visual Studio Solution File, Format Version 12.00
# Visual Studio Version 17
VisualStudioVersion = 17.13.35931.197 d17.13
MinimumVisualStudioVersion = 10.0.40219.1
Project("{FAE04EC0-301F-11D3-BF4B-00C04F79EFBC}") = "FiapTechChallenge", "FiapTechChallenge\FiapTechChallenge.csproj", "{10FBA093-8867-407B-AC5D-5D2AE987E31D}"
EndProject
Project("{FAE04EC0-301F-11D3-BF4B-00C04F79EFBC}") = "Core", "Core\Core.csproj", "{28F614DF-6C62-4759-8FD8-961AC631F66F}"
EndProject
Project("{FAE04EC0-301F-11D3-BF4B-00C04F79EFBC}") = "Infrastructure", "Infrastructure\Infrastructure.csproj", "{C8580178-EAAB-46FD-B122-DB2F03E4A925}"
EndProject
Global
	GlobalSection(SolutionConfigurationPlatforms) = preSolution
		Debug|Any CPU = Debug|Any CPU
		Release|Any CPU = Release|Any CPU
	EndGlobalSection
	GlobalSection(ProjectConfigurationPlatforms) = postSolution
		{10FBA093-8867-407B-AC5D-5D2AE987E31D}.Debug|Any CPU.ActiveCfg = Debug|Any CPU
		{10FBA093-8867-407B-AC5D-5D2AE987E31D}.Debug|Any CPU.Build.0 = Debug|Any CPU
		{10FBA093-8867-407B-AC5D-5D2AE987E31D}.Release|Any CPU.ActiveCfg = Release|Any CPU
		{10FBA093-8867-407B-AC5D-5D2AE987E31D}.Release|Any CPU.Build.0 = Release|Any CPU
		{28F614DF-6C62-4759-8FD8-961AC631F66F}.Debug|Any CPU.ActiveCfg = Debug|Any CPU
		{28F614DF-6C62-4759-8FD8-961AC631F66F}.Debug|Any CPU.Build.0 = Debug|Any CPU
		{28F614DF-6C62-4759-8FD8-961AC631F66F}.Release|Any CPU.ActiveCfg = Release|Any CPU
		{28F614DF-6C62-4759-8FD8-961AC631F66F}.Release|Any CPU.Build.0 = Release|Any CPU
		{C8580178-EAAB-46FD-B122-DB2F03E4A925}.Debug|Any CPU.ActiveCfg = Debug|Any CPU
		{C8580178-EAAB-46FD-B122-DB2F03E4A925}.Debug|Any CPU.Build.0 = Debug|Any CPU
		{C8580178-EAAB-46FD-B122-DB2F03E4A925}.Release|Any CPU.ActiveCfg = Release|Any CPU
		{C8580178-EAAB-46FD-B122-DB2F03E4A925}.Release|Any CPU.Build.0 = Release|Any CPU
	EndGlobalSection
	GlobalSection(SolutionProperties) = preSolution
		HideSolutionNode = FALSE
	EndGlobalSection
	GlobalSection(ExtensibilityGlobals) = postSolution
		SolutionGuid = {17099BB3-5BF2-4B57-9C53-A51EADC493E7}
	EndGlobalSection
EndGlobal
